
Microsoft Visual Studio Solution File, Format Version 12.00
# Visual Studio Version 16
VisualStudioVersion = 16.0.29215.179
MinimumVisualStudioVersion = 10.0.40219.1
Project("{FAE04EC0-301F-11D3-BF4B-00C04F79EFBC}") = "AniQ.Android", "AniQ\AniQ.Android\AniQ.Android.csproj", "{319D1F52-F6EF-432E-BC31-C58BC489C339}"
EndProject
Project("{FAE04EC0-301F-11D3-BF4B-00C04F79EFBC}") = "AniQ.iOS", "AniQ\AniQ.iOS\AniQ.iOS.csproj", "{68DB824B-E2E4-4415-AB23-DCE03FBD87F3}"
EndProject
Project("{FAE04EC0-301F-11D3-BF4B-00C04F79EFBC}") = "AniQ.MobileAppService", "AniQ\AniQ.MobileAppService\AniQ.MobileAppService.csproj", "{2CB01EFE-F457-4765-B809-F0FD14BD84BB}"
EndProject
Project("{FAE04EC0-301F-11D3-BF4B-00C04F79EFBC}") = "AniQ", "AniQ\AniQ\AniQ.csproj", "{85401867-261B-4576-B28A-C1DC69B5D9CA}"
EndProject
Global
	GlobalSection(SolutionConfigurationPlatforms) = preSolution
		Debug|Any CPU = Debug|Any CPU
		Debug|iPhone = Debug|iPhone
		Debug|iPhoneSimulator = Debug|iPhoneSimulator
		Release|Any CPU = Release|Any CPU
		Release|iPhone = Release|iPhone
		Release|iPhoneSimulator = Release|iPhoneSimulator
	EndGlobalSection
	GlobalSection(ProjectConfigurationPlatforms) = postSolution
		{319D1F52-F6EF-432E-BC31-C58BC489C339}.Debug|Any CPU.ActiveCfg = Debug|Any CPU
		{319D1F52-F6EF-432E-BC31-C58BC489C339}.Debug|Any CPU.Build.0 = Debug|Any CPU
		{319D1F52-F6EF-432E-BC31-C58BC489C339}.Debug|Any CPU.Deploy.0 = Debug|Any CPU
		{319D1F52-F6EF-432E-BC31-C58BC489C339}.Debug|iPhone.ActiveCfg = Debug|Any CPU
		{319D1F52-F6EF-432E-BC31-C58BC489C339}.Debug|iPhone.Build.0 = Debug|Any CPU
		{319D1F52-F6EF-432E-BC31-C58BC489C339}.Debug|iPhone.Deploy.0 = Debug|Any CPU
		{319D1F52-F6EF-432E-BC31-C58BC489C339}.Debug|iPhoneSimulator.ActiveCfg = Debug|Any CPU
		{319D1F52-F6EF-432E-BC31-C58BC489C339}.Debug|iPhoneSimulator.Build.0 = Debug|Any CPU
		{319D1F52-F6EF-432E-BC31-C58BC489C339}.Debug|iPhoneSimulator.Deploy.0 = Debug|Any CPU
		{319D1F52-F6EF-432E-BC31-C58BC489C339}.Release|Any CPU.ActiveCfg = Release|Any CPU
		{319D1F52-F6EF-432E-BC31-C58BC489C339}.Release|Any CPU.Build.0 = Release|Any CPU
		{319D1F52-F6EF-432E-BC31-C58BC489C339}.Release|Any CPU.Deploy.0 = Release|Any CPU
		{319D1F52-F6EF-432E-BC31-C58BC489C339}.Release|iPhone.ActiveCfg = Release|Any CPU
		{319D1F52-F6EF-432E-BC31-C58BC489C339}.Release|iPhone.Build.0 = Release|Any CPU
		{319D1F52-F6EF-432E-BC31-C58BC489C339}.Release|iPhone.Deploy.0 = Release|Any CPU
		{319D1F52-F6EF-432E-BC31-C58BC489C339}.Release|iPhoneSimulator.ActiveCfg = Release|Any CPU
		{319D1F52-F6EF-432E-BC31-C58BC489C339}.Release|iPhoneSimulator.Build.0 = Release|Any CPU
		{319D1F52-F6EF-432E-BC31-C58BC489C339}.Release|iPhoneSimulator.Deploy.0 = Release|Any CPU
		{68DB824B-E2E4-4415-AB23-DCE03FBD87F3}.Debug|Any CPU.ActiveCfg = Debug|iPhoneSimulator
		{68DB824B-E2E4-4415-AB23-DCE03FBD87F3}.Debug|Any CPU.Build.0 = Debug|iPhoneSimulator
		{68DB824B-E2E4-4415-AB23-DCE03FBD87F3}.Debug|Any CPU.Deploy.0 = Debug|iPhoneSimulator
		{68DB824B-E2E4-4415-AB23-DCE03FBD87F3}.Debug|iPhone.ActiveCfg = Debug|iPhone
		{68DB824B-E2E4-4415-AB23-DCE03FBD87F3}.Debug|iPhone.Build.0 = Debug|iPhone
		{68DB824B-E2E4-4415-AB23-DCE03FBD87F3}.Debug|iPhone.Deploy.0 = Debug|iPhone
		{68DB824B-E2E4-4415-AB23-DCE03FBD87F3}.Debug|iPhoneSimulator.ActiveCfg = Debug|iPhoneSimulator
		{68DB824B-E2E4-4415-AB23-DCE03FBD87F3}.Debug|iPhoneSimulator.Build.0 = Debug|iPhoneSimulator
		{68DB824B-E2E4-4415-AB23-DCE03FBD87F3}.Debug|iPhoneSimulator.Deploy.0 = Debug|iPhoneSimulator
		{68DB824B-E2E4-4415-AB23-DCE03FBD87F3}.Release|Any CPU.ActiveCfg = Release|iPhone
		{68DB824B-E2E4-4415-AB23-DCE03FBD87F3}.Release|Any CPU.Build.0 = Release|iPhone
		{68DB824B-E2E4-4415-AB23-DCE03FBD87F3}.Release|Any CPU.Deploy.0 = Release|iPhone
		{68DB824B-E2E4-4415-AB23-DCE03FBD87F3}.Release|iPhone.ActiveCfg = Release|iPhone
		{68DB824B-E2E4-4415-AB23-DCE03FBD87F3}.Release|iPhone.Build.0 = Release|iPhone
		{68DB824B-E2E4-4415-AB23-DCE03FBD87F3}.Release|iPhone.Deploy.0 = Release|iPhone
		{68DB824B-E2E4-4415-AB23-DCE03FBD87F3}.Release|iPhoneSimulator.ActiveCfg = Release|iPhoneSimulator
		{68DB824B-E2E4-4415-AB23-DCE03FBD87F3}.Release|iPhoneSimulator.Build.0 = Release|iPhoneSimulator
		{68DB824B-E2E4-4415-AB23-DCE03FBD87F3}.Release|iPhoneSimulator.Deploy.0 = Release|iPhoneSimulator
		{2CB01EFE-F457-4765-B809-F0FD14BD84BB}.Debug|Any CPU.ActiveCfg = Debug|Any CPU
		{2CB01EFE-F457-4765-B809-F0FD14BD84BB}.Debug|Any CPU.Build.0 = Debug|Any CPU
		{2CB01EFE-F457-4765-B809-F0FD14BD84BB}.Debug|Any CPU.Deploy.0 = Debug|Any CPU
		{2CB01EFE-F457-4765-B809-F0FD14BD84BB}.Debug|iPhone.ActiveCfg = Debug|Any CPU
		{2CB01EFE-F457-4765-B809-F0FD14BD84BB}.Debug|iPhone.Build.0 = Debug|Any CPU
		{2CB01EFE-F457-4765-B809-F0FD14BD84BB}.Debug|iPhone.Deploy.0 = Debug|Any CPU
		{2CB01EFE-F457-4765-B809-F0FD14BD84BB}.Debug|iPhoneSimulator.ActiveCfg = Debug|Any CPU
		{2CB01EFE-F457-4765-B809-F0FD14BD84BB}.Debug|iPhoneSimulator.Build.0 = Debug|Any CPU
		{2CB01EFE-F457-4765-B809-F0FD14BD84BB}.Debug|iPhoneSimulator.Deploy.0 = Debug|Any CPU
		{2CB01EFE-F457-4765-B809-F0FD14BD84BB}.Release|Any CPU.ActiveCfg = Release|Any CPU
		{2CB01EFE-F457-4765-B809-F0FD14BD84BB}.Release|Any CPU.Build.0 = Release|Any CPU
		{2CB01EFE-F457-4765-B809-F0FD14BD84BB}.Release|Any CPU.Deploy.0 = Release|Any CPU
		{2CB01EFE-F457-4765-B809-F0FD14BD84BB}.Release|iPhone.ActiveCfg = Release|Any CPU
		{2CB01EFE-F457-4765-B809-F0FD14BD84BB}.Release|iPhone.Build.0 = Release|Any CPU
		{2CB01EFE-F457-4765-B809-F0FD14BD84BB}.Release|iPhone.Deploy.0 = Release|Any CPU
		{2CB01EFE-F457-4765-B809-F0FD14BD84BB}.Release|iPhoneSimulator.ActiveCfg = Release|Any CPU
		{2CB01EFE-F457-4765-B809-F0FD14BD84BB}.Release|iPhoneSimulator.Build.0 = Release|Any CPU
		{2CB01EFE-F457-4765-B809-F0FD14BD84BB}.Release|iPhoneSimulator.Deploy.0 = Release|Any CPU
		{85401867-261B-4576-B28A-C1DC69B5D9CA}.Debug|Any CPU.ActiveCfg = Debug|Any CPU
		{85401867-261B-4576-B28A-C1DC69B5D9CA}.Debug|Any CPU.Build.0 = Debug|Any CPU
		{85401867-261B-4576-B28A-C1DC69B5D9CA}.Debug|Any CPU.Deploy.0 = Debug|Any CPU
		{85401867-261B-4576-B28A-C1DC69B5D9CA}.Debug|iPhone.ActiveCfg = Debug|Any CPU
		{85401867-261B-4576-B28A-C1DC69B5D9CA}.Debug|iPhone.Build.0 = Debug|Any CPU
		{85401867-261B-4576-B28A-C1DC69B5D9CA}.Debug|iPhone.Deploy.0 = Debug|Any CPU
		{85401867-261B-4576-B28A-C1DC69B5D9CA}.Debug|iPhoneSimulator.ActiveCfg = Debug|Any CPU
		{85401867-261B-4576-B28A-C1DC69B5D9CA}.Debug|iPhoneSimulator.Build.0 = Debug|Any CPU
		{85401867-261B-4576-B28A-C1DC69B5D9CA}.Debug|iPhoneSimulator.Deploy.0 = Debug|Any CPU
		{85401867-261B-4576-B28A-C1DC69B5D9CA}.Release|Any CPU.ActiveCfg = Release|Any CPU
		{85401867-261B-4576-B28A-C1DC69B5D9CA}.Release|Any CPU.Build.0 = Release|Any CPU
		{85401867-261B-4576-B28A-C1DC69B5D9CA}.Release|Any CPU.Deploy.0 = Release|Any CPU
		{85401867-261B-4576-B28A-C1DC69B5D9CA}.Release|iPhone.ActiveCfg = Release|Any CPU
		{85401867-261B-4576-B28A-C1DC69B5D9CA}.Release|iPhone.Build.0 = Release|Any CPU
		{85401867-261B-4576-B28A-C1DC69B5D9CA}.Release|iPhone.Deploy.0 = Release|Any CPU
		{85401867-261B-4576-B28A-C1DC69B5D9CA}.Release|iPhoneSimulator.ActiveCfg = Release|Any CPU
		{85401867-261B-4576-B28A-C1DC69B5D9CA}.Release|iPhoneSimulator.Build.0 = Release|Any CPU
		{85401867-261B-4576-B28A-C1DC69B5D9CA}.Release|iPhoneSimulator.Deploy.0 = Release|Any CPU
	EndGlobalSection
	GlobalSection(SolutionProperties) = preSolution
		HideSolutionNode = FALSE
	EndGlobalSection
	GlobalSection(ExtensibilityGlobals) = postSolution
		SolutionGuid = {8C5B07E0-7DF9-4D25-905D-AFE85EF9AF0C}
	EndGlobalSection
EndGlobal
